
Microsoft Visual Studio Solution File, Format Version 12.00
# Visual Studio Version 16
VisualStudioVersion = 16.0.34407.143
MinimumVisualStudioVersion = 10.0.40219.1
Project("{FAE04EC0-301F-11D3-BF4B-00C04F79EFBC}") = "DirectSoft HexFlow", "DirectSoft HexFlow\DirectSoft HexFlow.csproj", "{75388ED5-837B-4BB1-B567-6A5830CB607F}"
EndProject
Global
	GlobalSection(SolutionConfigurationPlatforms) = preSolution
		Debug|Any CPU = Debug|Any CPU
		Release|Any CPU = Release|Any CPU
	EndGlobalSection
	GlobalSection(ProjectConfigurationPlatforms) = postSolution
		{75388ED5-837B-4BB1-B567-6A5830CB607F}.Debug|Any CPU.ActiveCfg = Debug|Any CPU
		{75388ED5-837B-4BB1-B567-6A5830CB607F}.Debug|Any CPU.Build.0 = Debug|Any CPU
		{75388ED5-837B-4BB1-B567-6A5830CB607F}.Release|Any CPU.ActiveCfg = Release|Any CPU
		{75388ED5-837B-4BB1-B567-6A5830CB607F}.Release|Any CPU.Build.0 = Release|Any CPU
	EndGlobalSection
	GlobalSection(SolutionProperties) = preSolution
		HideSolutionNode = FALSE
	EndGlobalSection
	GlobalSection(ExtensibilityGlobals) = postSolution
		SolutionGuid = {B56DA307-CC92-4BA0-96A6-BAEE5E887660}
	EndGlobalSection
EndGlobal
